
Microsoft Visual Studio Solution File, Format Version 12.00
# Visual Studio 15
VisualStudioVersion = 15.0.28010.2046
MinimumVisualStudioVersion = 10.0.40219.1
Project("{FAE04EC0-301F-11D3-BF4B-00C04F79EFBC}") = "Charity Managment System", "Charity Managment System\Charity Managment System.csproj", "{7BF0BA8B-D282-4261-BDAB-0BF997432850}"
EndProject
Global
	GlobalSection(SolutionConfigurationPlatforms) = preSolution
		Debug|Any CPU = Debug|Any CPU
		Release|Any CPU = Release|Any CPU
	EndGlobalSection
	GlobalSection(ProjectConfigurationPlatforms) = postSolution
		{7BF0BA8B-D282-4261-BDAB-0BF997432850}.Debug|Any CPU.ActiveCfg = Debug|Any CPU
		{7BF0BA8B-D282-4261-BDAB-0BF997432850}.Debug|Any CPU.Build.0 = Debug|Any CPU
		{7BF0BA8B-D282-4261-BDAB-0BF997432850}.Release|Any CPU.ActiveCfg = Release|Any CPU
		{7BF0BA8B-D282-4261-BDAB-0BF997432850}.Release|Any CPU.Build.0 = Release|Any CPU
	EndGlobalSection
	GlobalSection(SolutionProperties) = preSolution
		HideSolutionNode = FALSE
	EndGlobalSection
	GlobalSection(ExtensibilityGlobals) = postSolution
		SolutionGuid = {6E3CCC33-97A3-4B45-830F-24115E56E7EA}
	EndGlobalSection
EndGlobal
